
Microsoft Visual Studio Solution File, Format Version 12.00
# Visual Studio Version 16
VisualStudioVersion = 16.0.31313.381
MinimumVisualStudioVersion = 10.0.40219.1
Project("{9A19103F-16F7-4668-BE54-9A1E7A4F7556}") = "ConsoleCalculator", "ConsoleCalculator\ConsoleCalculator.csproj", "{9366CFDB-8FA8-4E42-872B-96EA0C7F06C5}"
EndProject
Project("{9A19103F-16F7-4668-BE54-9A1E7A4F7556}") = "ConsoleCalculator.Tests", "ConsoleCalculator.Tests\ConsoleCalculator.Tests.csproj", "{34990844-1E38-4DD2-8A54-29467DD8806F}"
EndProject
Global
	GlobalSection(SolutionConfigurationPlatforms) = preSolution
		Debug|Any CPU = Debug|Any CPU
		Release|Any CPU = Release|Any CPU
	EndGlobalSection
	GlobalSection(ProjectConfigurationPlatforms) = postSolution
		{9366CFDB-8FA8-4E42-872B-96EA0C7F06C5}.Debug|Any CPU.ActiveCfg = Debug|Any CPU
		{9366CFDB-8FA8-4E42-872B-96EA0C7F06C5}.Debug|Any CPU.Build.0 = Debug|Any CPU
		{9366CFDB-8FA8-4E42-872B-96EA0C7F06C5}.Release|Any CPU.ActiveCfg = Release|Any CPU
		{9366CFDB-8FA8-4E42-872B-96EA0C7F06C5}.Release|Any CPU.Build.0 = Release|Any CPU
		{34990844-1E38-4DD2-8A54-29467DD8806F}.Debug|Any CPU.ActiveCfg = Debug|Any CPU
		{34990844-1E38-4DD2-8A54-29467DD8806F}.Debug|Any CPU.Build.0 = Debug|Any CPU
		{34990844-1E38-4DD2-8A54-29467DD8806F}.Release|Any CPU.ActiveCfg = Release|Any CPU
		{34990844-1E38-4DD2-8A54-29467DD8806F}.Release|Any CPU.Build.0 = Release|Any CPU
	EndGlobalSection
	GlobalSection(SolutionProperties) = preSolution
		HideSolutionNode = FALSE
	EndGlobalSection
	GlobalSection(ExtensibilityGlobals) = postSolution
		SolutionGuid = {CFC0CA75-E957-416C-8F6F-434DF27794B8}
	EndGlobalSection
EndGlobal
